
Microsoft Visual Studio Solution File, Format Version 12.00
# Visual Studio Version 17
VisualStudioVersion = 17.10.35122.118
MinimumVisualStudioVersion = 10.0.40219.1
Project("{FAE04EC0-301F-11D3-BF4B-00C04F79EFBC}") = "MappingModels", "MappingModels\MappingModels.csproj", "{A33CE373-0BA9-43B8-8295-EF27CB4AF084}"
EndProject
Global
	GlobalSection(SolutionConfigurationPlatforms) = preSolution
		Debug|Any CPU = Debug|Any CPU
		Release|Any CPU = Release|Any CPU
	EndGlobalSection
	GlobalSection(ProjectConfigurationPlatforms) = postSolution
		{A33CE373-0BA9-43B8-8295-EF27CB4AF084}.Debug|Any CPU.ActiveCfg = Debug|Any CPU
		{A33CE373-0BA9-43B8-8295-EF27CB4AF084}.Debug|Any CPU.Build.0 = Debug|Any CPU
		{A33CE373-0BA9-43B8-8295-EF27CB4AF084}.Release|Any CPU.ActiveCfg = Release|Any CPU
		{A33CE373-0BA9-43B8-8295-EF27CB4AF084}.Release|Any CPU.Build.0 = Release|Any CPU
	EndGlobalSection
	GlobalSection(SolutionProperties) = preSolution
		HideSolutionNode = FALSE
	EndGlobalSection
	GlobalSection(ExtensibilityGlobals) = postSolution
		SolutionGuid = {542B3D51-5482-441D-A86D-F7891C0C3142}
	EndGlobalSection
EndGlobal
